// !$*UTF8*$!
{
	archiveVersion = 1;
	classes = {
	};
	objectVersion = 50;
	objects = {

/* Begin PBXBuildFile section */
		442868DB265ECB2C00B16ED9 /* AppDelegate.swift in Sources */ = {isa = PBXBuildFile; fileRef = 442868DA265ECB2C00B16ED9 /* AppDelegate.swift */; };
		442868DD265ECB2C00B16ED9 /* SceneDelegate.swift in Sources */ = {isa = PBXBuildFile; fileRef = 442868DC265ECB2C00B16ED9 /* SceneDelegate.swift */; };
		442868DF265ECB2C00B16ED9 /* ViewController.swift in Sources */ = {isa = PBXBuildFile; fileRef = 442868DE265ECB2C00B16ED9 /* ViewController.swift */; };
		442868E2265ECB2C00B16ED9 /* Main.storyboard in Resources */ = {isa = PBXBuildFile; fileRef = 442868E0265ECB2C00B16ED9 /* Main.storyboard */; };
		442868E4265ECB2E00B16ED9 /* Assets.xcassets in Resources */ = {isa = PBXBuildFile; fileRef = 442868E3265ECB2E00B16ED9 /* Assets.xcassets */; };
		442868E7265ECB2E00B16ED9 /* LaunchScreen.storyboard in Resources */ = {isa = PBXBuildFile; fileRef = 442868E5265ECB2E00B16ED9 /* LaunchScreen.storyboard */; };
/* End PBXBuildFile section */

/* Begin PBXFileReference section */
		442868D7265ECB2C00B16ED9 /* ios-restaurant-app.app */ = {isa = PBXFileReference; explicitFileType = wrapper.application; includeInIndex = 0; path = "ios-restaurant-app.app"; sourceTree = BUILT_PRODUCTS_DIR; };
		442868DA265ECB2C00B16ED9 /* AppDelegate.swift */ = {isa = PBXFileReference; lastKnownFileType = sourcecode.swift; path = AppDelegate.swift; sourceTree = "<group>"; };
		442868DC265ECB2C00B16ED9 /* SceneDelegate.swift */ = {isa = PBXFileReference; lastKnownFileType = sourcecode.swift; path = SceneDelegate.swift; sourceTree = "<group>"; };
		442868DE265ECB2C00B16ED9 /* ViewController.swift */ = {isa = PBXFileReference; lastKnownFileType = sourcecode.swift; path = ViewController.swift; sourceTree = "<group>"; };
		442868E1265ECB2C00B16ED9 /* Base */ = {isa = PBXFileReference; lastKnownFileType = file.storyboard; name = Base; path = Base.lproj/Main.storyboard; sourceTree = "<group>"; };
		442868E3265ECB2E00B16ED9 /* Assets.xcassets */ = {isa = PBXFileReference; lastKnownFileType = folder.assetcatalog; path = Assets.xcassets; sourceTree = "<group>"; };
		442868E6265ECB2E00B16ED9 /* Base */ = {isa = PBXFileReference; lastKnownFileType = file.storyboard; name = Base; path = Base.lproj/LaunchScreen.storyboard; sourceTree = "<group>"; };
		442868E8265ECB2E00B16ED9 /* Info.plist */ = {isa = PBXFileReference; lastKnownFileType = text.plist.xml; path = Info.plist; sourceTree = "<group>"; };
/* End PBXFileReference section */

/* Begin PBXFrameworksBuildPhase section */
		442868D4265ECB2C00B16ED9 /* Frameworks */ = {
			isa = PBXFrameworksBuildPhase;
			buildActionMask = 2147483647;
			files = (
			);
			runOnlyForDeploymentPostprocessing = 0;
		};
/* End PBXFrameworksBuildPhase section */

/* Begin PBXGroup section */
		442868CE265ECB2B00B16ED9 = {
			isa = PBXGroup;
			children = (
				442868D9265ECB2C00B16ED9 /* ios-restaurant-app */,
				442868D8265ECB2C00B16ED9 /* Products */,
			);
			sourceTree = "<group>";
		};
		442868D8265ECB2C00B16ED9 /* Products */ = {
			isa = PBXGroup;
			children = (
				442868D7265ECB2C00B16ED9 /* ios-restaurant-app.app */,
			);
			name = Products;
			sourceTree = "<group>";
		};
		442868D9265ECB2C00B16ED9 /* ios-restaurant-app */ = {
			isa = PBXGroup;
			children = (
				442868DA265ECB2C00B16ED9 /* AppDelegate.swift */,
				442868DC265ECB2C00B16ED9 /* SceneDelegate.swift */,
				442868DE265ECB2C00B16ED9 /* ViewController.swift */,
				442868E0265ECB2C00B16ED9 /* Main.storyboard */,
				442868E3265ECB2E00B16ED9 /* Assets.xcassets */,
				442868E5265ECB2E00B16ED9 /* LaunchScreen.storyboard */,
				442868E8265ECB2E00B16ED9 /* Info.plist */,
			);
			path = "ios-restaurant-app";
			sourceTree = "<group>";
		};
/* End PBXGroup section */

/* Begin PBXNativeTarget section */
		442868D6265ECB2C00B16ED9 /* ios-restaurant-app */ = {
			isa = PBXNativeTarget;
			buildConfigurationList = 442868EB265ECB2E00B16ED9 /* Build configuration list for PBXNativeTarget "ios-restaurant-app" */;
			buildPhases = (
				442868D3265ECB2C00B16ED9 /* Sources */,
				442868D4265ECB2C00B16ED9 /* Frameworks */,
				442868D5265ECB2C00B16ED9 /* Resources */,
			);
			buildRules = (
			);
			dependencies = (
			);
			name = "ios-restaurant-app";
			productName = "ios-restaurant-app";
			productReference = 442868D7265ECB2C00B16ED9 /* ios-restaurant-app.app */;
			productType = "com.apple.product-type.application";
		};
/* End PBXNativeTarget section */

/* Begin PBXProject section */
		442868CF265ECB2B00B16ED9 /* Project object */ = {
			isa = PBXProject;
			attributes = {
				LastSwiftUpdateCheck = 1240;
				LastUpgradeCheck = 1240;
				TargetAttributes = {
					442868D6265ECB2C00B16ED9 = {
						CreatedOnToolsVersion = 12.4;
					};
				};
			};
			buildConfigurationList = 442868D2265ECB2B00B16ED9 /* Build configuration list for PBXProject "ios-restaurant-app" */;
			compatibilityVersion = "Xcode 9.3";
			developmentRegion = en;
			hasScannedForEncodings = 0;
			knownRegions = (
				en,
				Base,
			);
			mainGroup = 442868CE265ECB2B00B16ED9;
			productRefGroup = 442868D8265ECB2C00B16ED9 /* Products */;
			projectDirPath = "";
			projectRoot = "";
			targets = (
				442868D6265ECB2C00B16ED9 /* ios-restaurant-app */,
			);
		};
/* End PBXProject section */

/* Begin PBXResourcesBuildPhase section */
		442868D5265ECB2C00B16ED9 /* Resources */ = {
			isa = PBXResourcesBuildPhase;
			buildActionMask = 2147483647;
			files = (
				442868E7265ECB2E00B16ED9 /* LaunchScreen.storyboard in Resources */,
				442868E4265ECB2E00B16ED9 /* Assets.xcassets in Resources */,
				442868E2265ECB2C00B16ED9 /* Main.storyboard in Resources */,
			);
			runOnlyForDeploymentPostprocessing = 0;
		};
/* End PBXResourcesBuildPhase section */

/* Begin PBXSourcesBuildPhase section */
		442868D3265ECB2C00B16ED9 /* Sources */ = {
			isa = PBXSourcesBuildPhase;
			buildActionMask = 2147483647;
			files = (
				442868DF265ECB2C00B16ED9 /* ViewController.swift in Sources */,
				442868DB265ECB2C00B16ED9 /* AppDelegate.swift in Sources */,
				442868DD265ECB2C00B16ED9 /* SceneDelegate.swift in Sources */,
			);
			runOnlyForDeploymentPostprocessing = 0;
		};
/* End PBXSourcesBuildPhase section */

/* Begin PBXVariantGroup section */
		442868E0265ECB2C00B16ED9 /* Main.storyboard */ = {
			isa = PBXVariantGroup;
			children = (
				442868E1265ECB2C00B16ED9 /* Base */,
			);
			name = Main.storyboard;
			sourceTree = "<group>";
		};
		442868E5265ECB2E00B16ED9 /* LaunchScreen.storyboard */ = {
			isa = PBXVariantGroup;
			children = (
				442868E6265ECB2E00B16ED9 /* Base */,
			);
			name = LaunchScreen.storyboard;
			sourceTree = "<group>";
		};
/* End PBXVariantGroup section */

/* Begin XCBuildConfiguration section */
		442868E9265ECB2E00B16ED9 /* Debug */ = {
			isa = XCBuildConfiguration;
			buildSettings = {
				ALWAYS_SEARCH_USER_PATHS = NO;
				CLANG_ANALYZER_NONNULL = YES;
				CLANG_ANALYZER_NUMBER_OBJECT_CONVERSION = YES_AGGRESSIVE;
				CLANG_CXX_LANGUAGE_STANDARD = "gnu++14";
				CLANG_CXX_LIBRARY = "libc++";
				CLANG_ENABLE_MODULES = YES;
				CLANG_ENABLE_OBJC_ARC = YES;
				CLANG_ENABLE_OBJC_WEAK = YES;
				CLANG_WARN_BLOCK_CAPTURE_AUTORELEASING = YES;
				CLANG_WARN_BOOL_CONVERSION = YES;
				CLANG_WARN_COMMA = YES;
				CLANG_WARN_CONSTANT_CONVERSION = YES;
				CLANG_WARN_DEPRECATED_OBJC_IMPLEMENTATIONS = YES;
				CLANG_WARN_DIRECT_OBJC_ISA_USAGE = YES_ERROR;
				CLANG_WARN_DOCUMENTATION_COMMENTS = YES;
				CLANG_WARN_EMPTY_BODY = YES;
				CLANG_WARN_ENUM_CONVERSION = YES;
				CLANG_WARN_INFINITE_RECURSION = YES;
				CLANG_WARN_INT_CONVERSION = YES;
				CLANG_WARN_NON_LITERAL_NULL_CONVERSION = YES;
				CLANG_WARN_OBJC_IMPLICIT_RETAIN_SELF = YES;
				CLANG_WARN_OBJC_LITERAL_CONVERSION = YES;
				CLANG_WARN_OBJC_ROOT_CLASS = YES_ERROR;
				CLANG_WARN_QUOTED_INCLUDE_IN_FRAMEWORK_HEADER = YES;
				CLANG_WARN_RANGE_LOOP_ANALYSIS = YES;
				CLANG_WARN_STRICT_PROTOTYPES = YES;
				CLANG_WARN_SUSPICIOUS_MOVE = YES;
				CLANG_WARN_UNGUARDED_AVAILABILITY = YES_AGGRESSIVE;
				CLANG_WARN_UNREACHABLE_CODE = YES;
				CLANG_WARN__DUPLICATE_METHOD_MATCH = YES;
				COPY_PHASE_STRIP = NO;
				DEBUG_INFORMATION_FORMAT = dwarf;
				ENABLE_STRICT_OBJC_MSGSEND = YES;
				ENABLE_TESTABILITY = YES;
				GCC_C_LANGUAGE_STANDARD = gnu11;
				GCC_DYNAMIC_NO_PIC = NO;
				GCC_NO_COMMON_BLOCKS = YES;
				GCC_OPTIMIZATION_LEVEL = 0;
				GCC_PREPROCESSOR_DEFINITIONS = (
					"DEBUG=1",
					"$(inherited)",
				);
				GCC_WARN_64_TO_32_BIT_CONVERSION = YES;
				GCC_WARN_ABOUT_RETURN_TYPE = YES_ERROR;
				GCC_WARN_UNDECLARED_SELECTOR = YES;
				GCC_WARN_UNINITIALIZED_AUTOS = YES_AGGRESSIVE;
				GCC_WARN_UNUSED_FUNCTION = YES;
				GCC_WARN_UNUSED_VARIABLE = YES;
				IPHONEOS_DEPLOYMENT_TARGET = 14.4;
				MTL_ENABLE_DEBUG_INFO = INCLUDE_SOURCE;
				MTL_FAST_MATH = YES;
				ONLY_ACTIVE_ARCH = YES;
				SDKROOT = iphoneos;
				SWIFT_ACTIVE_COMPILATION_CONDITIONS = DEBUG;
				SWIFT_OPTIMIZATION_LEVEL = "-Onone";
			};
			name = Debug;
		};
		442868EA265ECB2E00B16ED9 /* Release */ = {
			isa = XCBuildConfiguration;
			buildSettings = {
				ALWAYS_SEARCH_USER_PATHS = NO;
				CLANG_ANALYZER_NONNULL = YES;
				CLANG_ANALYZER_NUMBER_OBJECT_CONVERSION = YES_AGGRESSIVE;
				CLANG_CXX_LANGUAGE_STANDARD = "gnu++14";
				CLANG_CXX_LIBRARY = "libc++";
				CLANG_ENABLE_MODULES = YES;
				CLANG_ENABLE_OBJC_ARC = YES;
				CLANG_ENABLE_OBJC_WEAK = YES;
				CLANG_WARN_BLOCK_CAPTURE_AUTORELEASING = YES;
				CLANG_WARN_BOOL_CONVERSION = YES;
				CLANG_WARN_COMMA = YES;
				CLANG_WARN_CONSTANT_CONVERSION = YES;
				CLANG_WARN_DEPRECATED_OBJC_IMPLEMENTATIONS = YES;
				CLANG_WARN_DIRECT_OBJC_ISA_USAGE = YES_ERROR;
				CLANG_WARN_DOCUMENTATION_COMMENTS = YES;
				CLANG_WARN_EMPTY_BODY = YES;
				CLANG_WARN_ENUM_CONVERSION = YES;
				CLANG_WARN_INFINITE_RECURSION = YES;
				CLANG_WARN_INT_CONVERSION = YES;
				CLANG_WARN_NON_LITERAL_NULL_CONVERSION = YES;
				CLANG_WARN_OBJC_IMPLICIT_RETAIN_SELF = YES;
				CLANG_WARN_OBJC_LITERAL_CONVERSION = YES;
				CLANG_WARN_OBJC_ROOT_CLASS = YES_ERROR;
				CLANG_WARN_QUOTED_INCLUDE_IN_FRAMEWORK_HEADER = YES;
				CLANG_WARN_RANGE_LOOP_ANALYSIS = YES;
				CLANG_WARN_STRICT_PROTOTYPES = YES;
				CLANG_WARN_SUSPICIOUS_MOVE = YES;
				CLANG_WARN_UNGUARDED_AVAILABILITY = YES_AGGRESSIVE;
				CLANG_WARN_UNREACHABLE_CODE = YES;
				CLANG_WARN__DUPLICATE_METHOD_MATCH = YES;
				COPY_PHASE_STRIP = NO;
				DEBUG_INFORMATION_FORMAT = "dwarf-with-dsym";
				ENABLE_NS_ASSERTIONS = NO;
				ENABLE_STRICT_OBJC_MSGSEND = YES;
				GCC_C_LANGUAGE_STANDARD = gnu11;
				GCC_NO_COMMON_BLOCKS = YES;
				GCC_WARN_64_TO_32_BIT_CONVERSION = YES;
				GCC_WARN_ABOUT_RETURN_TYPE = YES_ERROR;
				GCC_WARN_UNDECLARED_SELECTOR = YES;
				GCC_WARN_UNINITIALIZED_AUTOS = YES_AGGRESSIVE;
				GCC_WARN_UNUSED_FUNCTION = YES;
				GCC_WARN_UNUSED_VARIABLE = YES;
				IPHONEOS_DEPLOYMENT_TARGET = 14.4;
				MTL_ENABLE_DEBUG_INFO = NO;
				MTL_FAST_MATH = YES;
				SDKROOT = iphoneos;
				SWIFT_COMPILATION_MODE = wholemodule;
				SWIFT_OPTIMIZATION_LEVEL = "-O";
				VALIDATE_PRODUCT = YES;
			};
			name = Release;
		};
		442868EC265ECB2E00B16ED9 /* Debug */ = {
			isa = XCBuildConfiguration;
			buildSettings = {
				ASSETCATALOG_COMPILER_APPICON_NAME = AppIcon;
				ASSETCATALOG_COMPILER_GLOBAL_ACCENT_COLOR_NAME = AccentColor;
				CODE_SIGN_STYLE = Automatic;
				DEVELOPMENT_TEAM = 2GZCVQL39Y;
				INFOPLIST_FILE = "ios-restaurant-app/Info.plist";
				LD_RUNPATH_SEARCH_PATHS = (
					"$(inherited)",
					"@executable_path/Frameworks",
				);
				PRODUCT_BUNDLE_IDENTIFIER = "com.shaharyarbaig.ios-restaurant-app";
				PRODUCT_NAME = "$(TARGET_NAME)";
				SWIFT_VERSION = 5.0;
				TARGETED_DEVICE_FAMILY = "1,2";
			};
			name = Debug;
		};
		442868ED265ECB2E00B16ED9 /* Release */ = {
			isa = XCBuildConfiguration;
			buildSettings = {
				ASSETCATALOG_COMPILER_APPICON_NAME = AppIcon;
				ASSETCATALOG_COMPILER_GLOBAL_ACCENT_COLOR_NAME = AccentColor;
				CODE_SIGN_STYLE = Automatic;
				DEVELOPMENT_TEAM = 2GZCVQL39Y;
				INFOPLIST_FILE = "ios-restaurant-app/Info.plist";
				LD_RUNPATH_SEARCH_PATHS = (
					"$(inherited)",
					"@executable_path/Frameworks",
				);
				PRODUCT_BUNDLE_IDENTIFIER = "com.shaharyarbaig.ios-restaurant-app";
				PRODUCT_NAME = "$(TARGET_NAME)";
				SWIFT_VERSION = 5.0;
				TARGETED_DEVICE_FAMILY = "1,2";
			};
			name = Release;
		};
/* End XCBuildConfiguration section */

/* Begin XCConfigurationList section */
		442868D2265ECB2B00B16ED9 /* Build configuration list for PBXProject "ios-restaurant-app" */ = {
			isa = XCConfigurationList;
			buildConfigurations = (
				442868E9265ECB2E00B16ED9 /* Debug */,
				442868EA265ECB2E00B16ED9 /* Release */,
			);
			defaultConfigurationIsVisible = 0;
			defaultConfigurationName = Release;
		};
		442868EB265ECB2E00B16ED9 /* Build configuration list for PBXNativeTarget "ios-restaurant-app" */ = {
			isa = XCConfigurationList;
			buildConfigurations = (
				442868EC265ECB2E00B16ED9 /* Debug */,
				442868ED265ECB2E00B16ED9 /* Release */,
			);
			defaultConfigurationIsVisible = 0;
			defaultConfigurationName = Release;
		};
/* End XCConfigurationList section */
	};
	rootObject = 442868CF265ECB2B00B16ED9 /* Project object */;
}
